{
  "version": 4,
  "terraform_version": "1.1.3",
  "serial": 7,
  "lineage": "beb4a4a3-76db-f5d4-db61-b2afb102e453",
  "outputs": {
    "password": {
      "value": "srx5fplKerjlcxu_",
      "type": "string",
      "sensitive": true
    },
    "username": {
      "value": "panadmin",
      "type": "string"
    }
  },
  "resources": [
    {
      "mode": "managed",
      "type": "azurerm_resource_group",
      "name": "this",
      "provider": "provider[\"registry.terraform.io/hashicorp/azurerm\"]",
      "instances": [
        {
          "schema_version": 0,
          "attributes": {
            "id": "/subscriptions/93171d5e-b754-4f74-8b0b-b74c96c8c918/resourceGroups/example-rg",
            "location": "australiaeast",
            "name": "example-rg",
            "tags": null,
            "timeouts": null
          },
          "sensitive_attributes": [],
          "private": "eyJlMmJmYjczMC1lY2FhLTExZTYtOGY4OC0zNDM2M2JjN2M0YzAiOnsiY3JlYXRlIjo1NDAwMDAwMDAwMDAwLCJkZWxldGUiOjU0MDAwMDAwMDAwMDAsInJlYWQiOjMwMDAwMDAwMDAwMCwidXBkYXRlIjo1NDAwMDAwMDAwMDAwfX0="
        }
      ]
    },
    {
      "mode": "managed",
      "type": "random_password",
      "name": "this",
      "provider": "provider[\"registry.terraform.io/hashicorp/random\"]",
      "instances": [
        {
          "schema_version": 0,
          "attributes": {
            "id": "none",
            "keepers": null,
            "length": 16,
            "lower": true,
            "min_lower": 12,
            "min_numeric": 1,
            "min_special": 1,
            "min_upper": 1,
            "number": true,
            "override_special": "_%@",
            "result": "srx5fplKerjlcxu_",
            "special": true,
            "upper": true
          },
          "sensitive_attributes": [],
          "private": "bnVsbA=="
        }
      ]
    },
    {
      "module": "module.vmseries",
      "mode": "managed",
      "type": "azurerm_application_insights",
      "name": "this",
      "provider": "provider[\"registry.terraform.io/hashicorp/azurerm\"]",
      "instances": [
        {
          "index_key": 0,
          "schema_version": 0,
          "attributes": {
            "app_id": "013400f6-a943-40cd-a402-b7feeda1be19",
            "application_type": "other",
            "connection_string": "InstrumentationKey=72a13bde-abd2-4305-b114-8950e4af886f;IngestionEndpoint=https://australiaeast-0.in.applicationinsights.azure.com/",
            "daily_data_cap_in_gb": 100,
            "daily_data_cap_notifications_disabled": false,
            "disable_ip_masking": false,
            "id": "/subscriptions/93171d5e-b754-4f74-8b0b-b74c96c8c918/resourceGroups/example-rg/providers/microsoft.insights/components/myfw",
            "instrumentation_key": "72a13bde-abd2-4305-b114-8950e4af886f",
            "location": "australiaeast",
            "name": "myfw",
            "resource_group_name": "example-rg",
            "retention_in_days": 90,
            "sampling_percentage": 100,
            "tags": null,
            "timeouts": null
          },
          "sensitive_attributes": [],
          "private": "eyJlMmJmYjczMC1lY2FhLTExZTYtOGY4OC0zNDM2M2JjN2M0YzAiOnsiY3JlYXRlIjoxODAwMDAwMDAwMDAwLCJkZWxldGUiOjE4MDAwMDAwMDAwMDAsInJlYWQiOjMwMDAwMDAwMDAwMCwidXBkYXRlIjoxODAwMDAwMDAwMDAwfX0=",
          "dependencies": [
            "azurerm_resource_group.this"
          ]
        }
      ]
    },
    {
      "module": "module.vmseries",
      "mode": "managed",
      "type": "azurerm_virtual_machine",
      "name": "this",
      "provider": "provider[\"registry.terraform.io/hashicorp/azurerm\"]",
      "instances": []
    },
    {
      "module": "module.vnet",
      "mode": "data",
      "type": "azurerm_virtual_network",
      "name": "this",
      "provider": "provider[\"registry.terraform.io/hashicorp/azurerm\"]",
      "instances": []
    },
    {
      "module": "module.vnet",
      "mode": "managed",
      "type": "azurerm_network_security_group",
      "name": "this",
      "provider": "provider[\"registry.terraform.io/hashicorp/azurerm\"]",
      "instances": [
        {
          "index_key": "management-security-group",
          "schema_version": 0,
          "attributes": {
            "id": "/subscriptions/93171d5e-b754-4f74-8b0b-b74c96c8c918/resourceGroups/example-rg/providers/Microsoft.Network/networkSecurityGroups/management-security-group",
            "location": "australiaeast",
            "name": "management-security-group",
            "resource_group_name": "example-rg",
            "security_rule": [],
            "tags": null,
            "timeouts": null
          },
          "sensitive_attributes": [],
          "private": "eyJlMmJmYjczMC1lY2FhLTExZTYtOGY4OC0zNDM2M2JjN2M0YzAiOnsiY3JlYXRlIjoxODAwMDAwMDAwMDAwLCJkZWxldGUiOjE4MDAwMDAwMDAwMDAsInJlYWQiOjMwMDAwMDAwMDAwMCwidXBkYXRlIjoxODAwMDAwMDAwMDAwfX0=",
          "dependencies": [
            "azurerm_resource_group.this"
          ]
        }
      ]
    },
    {
      "module": "module.vnet",
      "mode": "managed",
      "type": "azurerm_network_security_rule",
      "name": "this",
      "provider": "provider[\"registry.terraform.io/hashicorp/azurerm\"]",
      "instances": [
        {
          "index_key": "management-security-group-vm-management-rules",
          "schema_version": 0,
          "attributes": {
            "access": "Allow",
            "description": "",
            "destination_address_prefix": "*",
            "destination_address_prefixes": null,
            "destination_application_security_group_ids": null,
            "destination_port_range": "*",
            "destination_port_ranges": null,
            "direction": "Inbound",
            "id": "/subscriptions/93171d5e-b754-4f74-8b0b-b74c96c8c918/resourceGroups/example-rg/providers/Microsoft.Network/networkSecurityGroups/management-security-group/securityRules/vm-management-rules",
            "name": "vm-management-rules",
            "network_security_group_name": "management-security-group",
            "priority": 100,
            "protocol": "TCP",
            "resource_group_name": "example-rg",
            "source_address_prefix": "",
            "source_address_prefixes": [
              "10.255.0.0/24",
              "191.191.191.191"
            ],
            "source_application_security_group_ids": null,
            "source_port_range": "*",
            "source_port_ranges": null,
            "timeouts": null
          },
          "sensitive_attributes": [],
          "private": "eyJlMmJmYjczMC1lY2FhLTExZTYtOGY4OC0zNDM2M2JjN2M0YzAiOnsiY3JlYXRlIjoxODAwMDAwMDAwMDAwLCJkZWxldGUiOjE4MDAwMDAwMDAwMDAsInJlYWQiOjMwMDAwMDAwMDAwMCwidXBkYXRlIjoxODAwMDAwMDAwMDAwfX0=",
          "dependencies": [
            "azurerm_resource_group.this",
            "module.vnet.azurerm_network_security_group.this"
          ]
        }
      ]
    },
    {
      "module": "module.vnet",
      "mode": "managed",
      "type": "azurerm_subnet",
      "name": "this",
      "provider": "provider[\"registry.terraform.io/hashicorp/azurerm\"]",
      "instances": []
    },
    {
      "module": "module.vnet",
      "mode": "managed",
      "type": "azurerm_subnet_network_security_group_association",
      "name": "this",
      "provider": "provider[\"registry.terraform.io/hashicorp/azurerm\"]",
      "instances": []
    }
  ]
}
